
Microsoft Visual Studio Solution File, Format Version 12.00
# Visual Studio Version 16
VisualStudioVersion = 16.0.30907.101
MinimumVisualStudioVersion = 10.0.40219.1
Project("{FAE04EC0-301F-11D3-BF4B-00C04F79EFBC}") = "ShoryuNet", "ShoryuNet.csproj", "{02908ACB-9ABF-4339-B7CC-0DCCFFF52905}"
EndProject
Project("{FAE04EC0-301F-11D3-BF4B-00C04F79EFBC}") = "ShoryuNet_Test", "..\ShoryuNet_Test\ShoryuNet_Test.csproj", "{C6592D1D-11B2-4FE9-BA6D-F856F7A7A039}"
	ProjectSection(ProjectDependencies) = postProject
		{02908ACB-9ABF-4339-B7CC-0DCCFFF52905} = {02908ACB-9ABF-4339-B7CC-0DCCFFF52905}
	EndProjectSection
EndProject
Global
	GlobalSection(SolutionConfigurationPlatforms) = preSolution
		Debug|Any CPU = Debug|Any CPU
		Release|Any CPU = Release|Any CPU
	EndGlobalSection
	GlobalSection(ProjectConfigurationPlatforms) = postSolution
		{02908ACB-9ABF-4339-B7CC-0DCCFFF52905}.Debug|Any CPU.ActiveCfg = Debug|Any CPU
		{02908ACB-9ABF-4339-B7CC-0DCCFFF52905}.Debug|Any CPU.Build.0 = Debug|Any CPU
		{02908ACB-9ABF-4339-B7CC-0DCCFFF52905}.Release|Any CPU.ActiveCfg = Release|Any CPU
		{02908ACB-9ABF-4339-B7CC-0DCCFFF52905}.Release|Any CPU.Build.0 = Release|Any CPU
		{C6592D1D-11B2-4FE9-BA6D-F856F7A7A039}.Debug|Any CPU.ActiveCfg = Debug|Any CPU
		{C6592D1D-11B2-4FE9-BA6D-F856F7A7A039}.Debug|Any CPU.Build.0 = Debug|Any CPU
		{C6592D1D-11B2-4FE9-BA6D-F856F7A7A039}.Release|Any CPU.ActiveCfg = Release|Any CPU
		{C6592D1D-11B2-4FE9-BA6D-F856F7A7A039}.Release|Any CPU.Build.0 = Release|Any CPU
	EndGlobalSection
	GlobalSection(SolutionProperties) = preSolution
		HideSolutionNode = FALSE
	EndGlobalSection
	GlobalSection(ExtensibilityGlobals) = postSolution
		SolutionGuid = {4D0FEAF4-9A2B-4568-9C6E-6D902DECDA43}
	EndGlobalSection
EndGlobal
